# THIS IS AN AUTOGENERATED FILE. DO NOT EDIT THIS FILE DIRECTLY.
# yarn lockfile v1


"@webcomponents/webcomponentsjs@1.0.17", "@webcomponents/webcomponentsjs@^1.0.17":
  version "1.0.17"
  resolved "https://registry.yarnpkg.com/@webcomponents/webcomponentsjs/-/webcomponentsjs-1.0.17.tgz#abd27356ca26d3b8423a1f1089d18a8c00c5c36d"
